
Microsoft Visual Studio Solution File, Format Version 9.00
# Visual Studio 2005
Project("{FAE04EC0-301F-11D3-BF4B-00C04F79EFBC}") = "USBTEST", "USBTEST\USBTEST.csproj", "{BE8127BF-DE88-42EA-B868-B56ACA354B2B}"
EndProject
Global
	GlobalSection(SolutionConfigurationPlatforms) = preSolution
		Debug|Any CPU = Debug|Any CPU
		Release|Any CPU = Release|Any CPU
	EndGlobalSection
	GlobalSection(ProjectConfigurationPlatforms) = postSolution
		{BE8127BF-DE88-42EA-B868-B56ACA354B2B}.Debug|Any CPU.ActiveCfg = Debug|Any CPU
		{BE8127BF-DE88-42EA-B868-B56ACA354B2B}.Debug|Any CPU.Build.0 = Debug|Any CPU
		{BE8127BF-DE88-42EA-B868-B56ACA354B2B}.Release|Any CPU.ActiveCfg = Release|Any CPU
		{BE8127BF-DE88-42EA-B868-B56ACA354B2B}.Release|Any CPU.Build.0 = Release|Any CPU
	EndGlobalSection
	GlobalSection(SolutionProperties) = preSolution
		HideSolutionNode = FALSE
	EndGlobalSection
EndGlobal
